Microsoft Visual Studio Solution File, Format Version 11.00
# Visual Studio 2010
Project("{FAE04EC0-301F-11D3-BF4B-00C04F79EFBC}") = "Cat-ana", "Assembly-CSharp.csproj", "{70F3E0E4-AF59-206A-C416-067121BD6A25}"
EndProject
Project("{FAE04EC0-301F-11D3-BF4B-00C04F79EFBC}") = "Cat-ana.CSharp.Editor", "Cat-ana.CSharp.Editor.csproj", "{89E66DA2-948B-8A23-F725-9E80E6C48081}"
EndProject
Global
	GlobalSection(SolutionConfigurationPlatforms) = preSolution
		Debug|Any CPU = Debug|Any CPU
		Release|Any CPU = Release|Any CPU
	EndGlobalSection
	GlobalSection(ProjectConfigurationPlatforms) = postSolution
		{88D24BC8-14D5-212A-D683-4F13FB296E10}.Debug|Any CPU.ActiveCfg = Debug|Any CPU
		{88D24BC8-14D5-212A-D683-4F13FB296E10}.Debug|Any CPU.Build.0 = Debug|Any CPU
		{88D24BC8-14D5-212A-D683-4F13FB296E10}.Release|Any CPU.ActiveCfg = Release|Any CPU
		{88D24BC8-14D5-212A-D683-4F13FB296E10}.Release|Any CPU.Build.0 = Release|Any CPU
		{89E66DA2-948B-8A23-F725-9E80E6C48081}.Debug|Any CPU.ActiveCfg = Debug|Any CPU
		{89E66DA2-948B-8A23-F725-9E80E6C48081}.Debug|Any CPU.Build.0 = Debug|Any CPU
		{89E66DA2-948B-8A23-F725-9E80E6C48081}.Release|Any CPU.ActiveCfg = Release|Any CPU
		{89E66DA2-948B-8A23-F725-9E80E6C48081}.Release|Any CPU.Build.0 = Release|Any CPU
	EndGlobalSection
	GlobalSection(SolutionProperties) = preSolution
		HideSolutionNode = FALSE
	EndGlobalSection
EndGlobal
